// !$*UTF8*$!
{
	archiveVersion = 1;
	classes = {
	};
	objectVersion = 46;
	objects = {

/* Begin PBXBuildFile section */
		A89459131AF78048004F85A4 /* AppDelegate.swift in Sources */ = {isa = PBXBuildFile; fileRef = A89459121AF78048004F85A4 /* AppDelegate.swift */; };
		A89459151AF78048004F85A4 /* ViewController.swift in Sources */ = {isa = PBXBuildFile; fileRef = A89459141AF78048004F85A4 /* ViewController.swift */; };
		A89459181AF78048004F85A4 /* Main.storyboard in Resources */ = {isa = PBXBuildFile; fileRef = A89459161AF78048004F85A4 /* Main.storyboard */; };
		A894591A1AF78048004F85A4 /* Images.xcassets in Resources */ = {isa = PBXBuildFile; fileRef = A89459191AF78048004F85A4 /* Images.xcassets */; };
		A894591D1AF78048004F85A4 /* LaunchScreen.xib in Resources */ = {isa = PBXBuildFile; fileRef = A894591B1AF78048004F85A4 /* LaunchScreen.xib */; };
		A89459291AF78048004F85A4 /* MemeMeTests.swift in Sources */ = {isa = PBXBuildFile; fileRef = A89459281AF78048004F85A4 /* MemeMeTests.swift */; };
/* End PBXBuildFile section */

/* Begin PBXContainerItemProxy section */
		A89459231AF78048004F85A4 /* PBXContainerItemProxy */ = {
			isa = PBXContainerItemProxy;
			containerPortal = A89459051AF78048004F85A4 /* Project object */;
			proxyType = 1;
			remoteGlobalIDString = A894590C1AF78048004F85A4;
			remoteInfo = MemeMe;
		};
/* End PBXContainerItemProxy section */

/* Begin PBXFileReference section */
		A894590D1AF78048004F85A4 /* MemeMe.app */ = {isa = PBXFileReference; explicitFileType = wrapper.application; includeInIndex = 0; path = MemeMe.app; sourceTree = BUILT_PRODUCTS_DIR; };
		A89459111AF78048004F85A4 /* Info.plist */ = {isa = PBXFileReference; lastKnownFileType = text.plist.xml; path = Info.plist; sourceTree = "<group>"; };
		A89459121AF78048004F85A4 /* AppDelegate.swift */ = {isa = PBXFileReference; lastKnownFileType = sourcecode.swift; path = AppDelegate.swift; sourceTree = "<group>"; };
		A89459141AF78048004F85A4 /* ViewController.swift */ = {isa = PBXFileReference; lastKnownFileType = sourcecode.swift; path = ViewController.swift; sourceTree = "<group>"; };
		A89459171AF78048004F85A4 /* Base */ = {isa = PBXFileReference; lastKnownFileType = file.storyboard; name = Base; path = Base.lproj/Main.storyboard; sourceTree = "<group>"; };
		A89459191AF78048004F85A4 /* Images.xcassets */ = {isa = PBXFileReference; lastKnownFileType = folder.assetcatalog; path = Images.xcassets; sourceTree = "<group>"; };
		A894591C1AF78048004F85A4 /* Base */ = {isa = PBXFileReference; lastKnownFileType = file.xib; name = Base; path = Base.lproj/LaunchScreen.xib; sourceTree = "<group>"; };
		A89459221AF78048004F85A4 /* MemeMeTests.xctest */ = {isa = PBXFileReference; explicitFileType = wrapper.cfbundle; includeInIndex = 0; path = MemeMeTests.xctest; sourceTree = BUILT_PRODUCTS_DIR; };
		A89459271AF78048004F85A4 /* Info.plist */ = {isa = PBXFileReference; lastKnownFileType = text.plist.xml; path = Info.plist; sourceTree = "<group>"; };
		A89459281AF78048004F85A4 /* MemeMeTests.swift */ = {isa = PBXFileReference; lastKnownFileType = sourcecode.swift; path = MemeMeTests.swift; sourceTree = "<group>"; };
/* End PBXFileReference section */

/* Begin PBXFrameworksBuildPhase section */
		A894590A1AF78048004F85A4 /* Frameworks */ = {
			isa = PBXFrameworksBuildPhase;
			buildActionMask = 2147483647;
			files = (
			);
			runOnlyForDeploymentPostprocessing = 0;
		};
		A894591F1AF78048004F85A4 /* Frameworks */ = {
			isa = PBXFrameworksBuildPhase;
			buildActionMask = 2147483647;
			files = (
			);
			runOnlyForDeploymentPostprocessing = 0;
		};
/* End PBXFrameworksBuildPhase section */

/* Begin PBXGroup section */
		A89459041AF78048004F85A4 = {
			isa = PBXGroup;
			children = (
				A894590F1AF78048004F85A4 /* MemeMe */,
				A89459251AF78048004F85A4 /* MemeMeTests */,
				A894590E1AF78048004F85A4 /* Products */,
			);
			sourceTree = "<group>";
		};
		A894590E1AF78048004F85A4 /* Products */ = {
			isa = PBXGroup;
			children = (
				A894590D1AF78048004F85A4 /* MemeMe.app */,
				A89459221AF78048004F85A4 /* MemeMeTests.xctest */,
			);
			name = Products;
			sourceTree = "<group>";
		};
		A894590F1AF78048004F85A4 /* MemeMe */ = {
			isa = PBXGroup;
			children = (
				A89459121AF78048004F85A4 /* AppDelegate.swift */,
				A89459141AF78048004F85A4 /* ViewController.swift */,
				A89459161AF78048004F85A4 /* Main.storyboard */,
				A89459191AF78048004F85A4 /* Images.xcassets */,
				A894591B1AF78048004F85A4 /* LaunchScreen.xib */,
				A89459101AF78048004F85A4 /* Supporting Files */,
			);
			path = MemeMe;
			sourceTree = "<group>";
		};
		A89459101AF78048004F85A4 /* Supporting Files */ = {
			isa = PBXGroup;
			children = (
				A89459111AF78048004F85A4 /* Info.plist */,
			);
			name = "Supporting Files";
			sourceTree = "<group>";
		};
		A89459251AF78048004F85A4 /* MemeMeTests */ = {
			isa = PBXGroup;
			children = (
				A89459281AF78048004F85A4 /* MemeMeTests.swift */,
				A89459261AF78048004F85A4 /* Supporting Files */,
			);
			path = MemeMeTests;
			sourceTree = "<group>";
		};
		A89459261AF78048004F85A4 /* Supporting Files */ = {
			isa = PBXGroup;
			children = (
				A89459271AF78048004F85A4 /* Info.plist */,
			);
			name = "Supporting Files";
			sourceTree = "<group>";
		};
/* End PBXGroup section */

/* Begin PBXNativeTarget section */
		A894590C1AF78048004F85A4 /* MemeMe */ = {
			isa = PBXNativeTarget;
			buildConfigurationList = A894592C1AF78048004F85A4 /* Build configuration list for PBXNativeTarget "MemeMe" */;
			buildPhases = (
				A89459091AF78048004F85A4 /* Sources */,
				A894590A1AF78048004F85A4 /* Frameworks */,
				A894590B1AF78048004F85A4 /* Resources */,
			);
			buildRules = (
			);
			dependencies = (
			);
			name = MemeMe;
			productName = MemeMe;
			productReference = A894590D1AF78048004F85A4 /* MemeMe.app */;
			productType = "com.apple.product-type.application";
		};
		A89459211AF78048004F85A4 /* MemeMeTests */ = {
			isa = PBXNativeTarget;
			buildConfigurationList = A894592F1AF78048004F85A4 /* Build configuration list for PBXNativeTarget "MemeMeTests" */;
			buildPhases = (
				A894591E1AF78048004F85A4 /* Sources */,
				A894591F1AF78048004F85A4 /* Frameworks */,
				A89459201AF78048004F85A4 /* Resources */,
			);
			buildRules = (
			);
			dependencies = (
				A89459241AF78048004F85A4 /* PBXTargetDependency */,
			);
			name = MemeMeTests;
			productName = MemeMeTests;
			productReference = A89459221AF78048004F85A4 /* MemeMeTests.xctest */;
			productType = "com.apple.product-type.bundle.unit-test";
		};
/* End PBXNativeTarget section */

/* Begin PBXProject section */
		A89459051AF78048004F85A4 /* Project object */ = {
			isa = PBXProject;
			attributes = {
				LastUpgradeCheck = 0630;
				ORGANIZATIONNAME = baitcode;
				TargetAttributes = {
					A894590C1AF78048004F85A4 = {
						CreatedOnToolsVersion = 6.3.1;
					};
					A89459211AF78048004F85A4 = {
						CreatedOnToolsVersion = 6.3.1;
						TestTargetID = A894590C1AF78048004F85A4;
					};
				};
			};
			buildConfigurationList = A89459081AF78048004F85A4 /* Build configuration list for PBXProject "MemeMe" */;
			compatibilityVersion = "Xcode 3.2";
			developmentRegion = English;
			hasScannedForEncodings = 0;
			knownRegions = (
				en,
				Base,
			);
			mainGroup = A89459041AF78048004F85A4;
			productRefGroup = A894590E1AF78048004F85A4 /* Products */;
			projectDirPath = "";
			projectRoot = "";
			targets = (
				A894590C1AF78048004F85A4 /* MemeMe */,
				A89459211AF78048004F85A4 /* MemeMeTests */,
			);
		};
/* End PBXProject section */

/* Begin PBXResourcesBuildPhase section */
		A894590B1AF78048004F85A4 /* Resources */ = {
			isa = PBXResourcesBuildPhase;
			buildActionMask = 2147483647;
			files = (
				A89459181AF78048004F85A4 /* Main.storyboard in Resources */,
				A894591D1AF78048004F85A4 /* LaunchScreen.xib in Resources */,
				A894591A1AF78048004F85A4 /* Images.xcassets in Resources */,
			);
			runOnlyForDeploymentPostprocessing = 0;
		};
		A89459201AF78048004F85A4 /* Resources */ = {
			isa = PBXResourcesBuildPhase;
			buildActionMask = 2147483647;
			files = (
			);
			runOnlyForDeploymentPostprocessing = 0;
		};
/* End PBXResourcesBuildPhase section */

/* Begin PBXSourcesBuildPhase section */
		A89459091AF78048004F85A4 /* Sources */ = {
			isa = PBXSourcesBuildPhase;
			buildActionMask = 2147483647;
			files = (
				A89459151AF78048004F85A4 /* ViewController.swift in Sources */,
				A89459131AF78048004F85A4 /* AppDelegate.swift in Sources */,
			);
			runOnlyForDeploymentPostprocessing = 0;
		};
		A894591E1AF78048004F85A4 /* Sources */ = {
			isa = PBXSourcesBuildPhase;
			buildActionMask = 2147483647;
			files = (
				A89459291AF78048004F85A4 /* MemeMeTests.swift in Sources */,
			);
			runOnlyForDeploymentPostprocessing = 0;
		};
/* End PBXSourcesBuildPhase section */

/* Begin PBXTargetDependency section */
		A89459241AF78048004F85A4 /* PBXTargetDependency */ = {
			isa = PBXTargetDependency;
			target = A894590C1AF78048004F85A4 /* MemeMe */;
			targetProxy = A89459231AF78048004F85A4 /* PBXContainerItemProxy */;
		};
/* End PBXTargetDependency section */

/* Begin PBXVariantGroup section */
		A89459161AF78048004F85A4 /* Main.storyboard */ = {
			isa = PBXVariantGroup;
			children = (
				A89459171AF78048004F85A4 /* Base */,
			);
			name = Main.storyboard;
			sourceTree = "<group>";
		};
		A894591B1AF78048004F85A4 /* LaunchScreen.xib */ = {
			isa = PBXVariantGroup;
			children = (
				A894591C1AF78048004F85A4 /* Base */,
			);
			name = LaunchScreen.xib;
			sourceTree = "<group>";
		};
/* End PBXVariantGroup section */

/* Begin XCBuildConfiguration section */
		A894592A1AF78048004F85A4 /* Debug */ = {
			isa = XCBuildConfiguration;
			buildSettings = {
				ALWAYS_SEARCH_USER_PATHS = NO;
				CLANG_CXX_LANGUAGE_STANDARD = "gnu++0x";
				CLANG_CXX_LIBRARY = "libc++";
				CLANG_ENABLE_MODULES = YES;
				CLANG_ENABLE_OBJC_ARC = YES;
				CLANG_WARN_BOOL_CONVERSION = YES;
				CLANG_WARN_CONSTANT_CONVERSION = YES;
				CLANG_WARN_DIRECT_OBJC_ISA_USAGE = YES_ERROR;
				CLANG_WARN_EMPTY_BODY = YES;
				CLANG_WARN_ENUM_CONVERSION = YES;
				CLANG_WARN_INT_CONVERSION = YES;
				CLANG_WARN_OBJC_ROOT_CLASS = YES_ERROR;
				CLANG_WARN_UNREACHABLE_CODE = YES;
				CLANG_WARN__DUPLICATE_METHOD_MATCH = YES;
				"CODE_SIGN_IDENTITY[sdk=iphoneos*]" = "iPhone Developer";
				COPY_PHASE_STRIP = NO;
				DEBUG_INFORMATION_FORMAT = "dwarf-with-dsym";
				ENABLE_STRICT_OBJC_MSGSEND = YES;
				GCC_C_LANGUAGE_STANDARD = gnu99;
				GCC_DYNAMIC_NO_PIC = NO;
				GCC_NO_COMMON_BLOCKS = YES;
				GCC_OPTIMIZATION_LEVEL = 0;
				GCC_PREPROCESSOR_DEFINITIONS = (
					"DEBUG=1",
					"$(inherited)",
				);
				GCC_SYMBOLS_PRIVATE_EXTERN = NO;
				GCC_WARN_64_TO_32_BIT_CONVERSION = YES;
				GCC_WARN_ABOUT_RETURN_TYPE = YES_ERROR;
				GCC_WARN_UNDECLARED_SELECTOR = YES;
				GCC_WARN_UNINITIALIZED_AUTOS = YES_AGGRESSIVE;
				GCC_WARN_UNUSED_FUNCTION = YES;
				GCC_WARN_UNUSED_VARIABLE = YES;
				IPHONEOS_DEPLOYMENT_TARGET = 8.3;
				MTL_ENABLE_DEBUG_INFO = YES;
				ONLY_ACTIVE_ARCH = YES;
				SDKROOT = iphoneos;
				SWIFT_OPTIMIZATION_LEVEL = "-Onone";
			};
			name = Debug;
		};
		A894592B1AF78048004F85A4 /* Release */ = {
			isa = XCBuildConfiguration;
			buildSettings = {
				ALWAYS_SEARCH_USER_PATHS = NO;
				CLANG_CXX_LANGUAGE_STANDARD = "gnu++0x";
				CLANG_CXX_LIBRARY = "libc++";
				CLANG_ENABLE_MODULES = YES;
				CLANG_ENABLE_OBJC_ARC = YES;
				CLANG_WARN_BOOL_CONVERSION = YES;
				CLANG_WARN_CONSTANT_CONVERSION = YES;
				CLANG_WARN_DIRECT_OBJC_ISA_USAGE = YES_ERROR;
				CLANG_WARN_EMPTY_BODY = YES;
				CLANG_WARN_ENUM_CONVERSION = YES;
				CLANG_WARN_INT_CONVERSION = YES;
				CLANG_WARN_OBJC_ROOT_CLASS = YES_ERROR;
				CLANG_WARN_UNREACHABLE_CODE = YES;
				CLANG_WARN__DUPLICATE_METHOD_MATCH = YES;
				"CODE_SIGN_IDENTITY[sdk=iphoneos*]" = "iPhone Developer";
				COPY_PHASE_STRIP = NO;
				DEBUG_INFORMATION_FORMAT = "dwarf-with-dsym";
				ENABLE_NS_ASSERTIONS = NO;
				ENABLE_STRICT_OBJC_MSGSEND = YES;
				GCC_C_LANGUAGE_STANDARD = gnu99;
				GCC_NO_COMMON_BLOCKS = YES;
				GCC_WARN_64_TO_32_BIT_CONVERSION = YES;
				GCC_WARN_ABOUT_RETURN_TYPE = YES_ERROR;
				GCC_WARN_UNDECLARED_SELECTOR = YES;
				GCC_WARN_UNINITIALIZED_AUTOS = YES_AGGRESSIVE;
				GCC_WARN_UNUSED_FUNCTION = YES;
				GCC_WARN_UNUSED_VARIABLE = YES;
				IPHONEOS_DEPLOYMENT_TARGET = 8.3;
				MTL_ENABLE_DEBUG_INFO = NO;
				SDKROOT = iphoneos;
				VALIDATE_PRODUCT = YES;
			};
			name = Release;
		};
		A894592D1AF78048004F85A4 /* Debug */ = {
			isa = XCBuildConfiguration;
			buildSettings = {
				ASSETCATALOG_COMPILER_APPICON_NAME = AppIcon;
				INFOPLIST_FILE = MemeMe/Info.plist;
				LD_RUNPATH_SEARCH_PATHS = "$(inherited) @executable_path/Frameworks";
				PRODUCT_NAME = "$(TARGET_NAME)";
			};
			name = Debug;
		};
		A894592E1AF78048004F85A4 /* Release */ = {
			isa = XCBuildConfiguration;
			buildSettings = {
				ASSETCATALOG_COMPILER_APPICON_NAME = AppIcon;
				INFOPLIST_FILE = MemeMe/Info.plist;
				LD_RUNPATH_SEARCH_PATHS = "$(inherited) @executable_path/Frameworks";
				PRODUCT_NAME = "$(TARGET_NAME)";
			};
			name = Release;
		};
		A89459301AF78048004F85A4 /* Debug */ = {
			isa = XCBuildConfiguration;
			buildSettings = {
				BUNDLE_LOADER = "$(TEST_HOST)";
				FRAMEWORK_SEARCH_PATHS = (
					"$(SDKROOT)/Developer/Library/Frameworks",
					"$(inherited)",
				);
				GCC_PREPROCESSOR_DEFINITIONS = (
					"DEBUG=1",
					"$(inherited)",
				);
				INFOPLIST_FILE = MemeMeTests/Info.plist;
				LD_RUNPATH_SEARCH_PATHS = "$(inherited) @executable_path/Frameworks @loader_path/Frameworks";
				PRODUCT_NAME = "$(TARGET_NAME)";
				TEST_HOST = "$(BUILT_PRODUCTS_DIR)/MemeMe.app/MemeMe";
			};
			name = Debug;
		};
		A89459311AF78048004F85A4 /* Release */ = {
			isa = XCBuildConfiguration;
			buildSettings = {
				BUNDLE_LOADER = "$(TEST_HOST)";
				FRAMEWORK_SEARCH_PATHS = (
					"$(SDKROOT)/Developer/Library/Frameworks",
					"$(inherited)",
				);
				INFOPLIST_FILE = MemeMeTests/Info.plist;
				LD_RUNPATH_SEARCH_PATHS = "$(inherited) @executable_path/Frameworks @loader_path/Frameworks";
				PRODUCT_NAME = "$(TARGET_NAME)";
				TEST_HOST = "$(BUILT_PRODUCTS_DIR)/MemeMe.app/MemeMe";
			};
			name = Release;
		};
/* End XCBuildConfiguration section */

/* Begin XCConfigurationList section */
		A89459081AF78048004F85A4 /* Build configuration list for PBXProject "MemeMe" */ = {
			isa = XCConfigurationList;
			buildConfigurations = (
				A894592A1AF78048004F85A4 /* Debug */,
				A894592B1AF78048004F85A4 /* Release */,
			);
			defaultConfigurationIsVisible = 0;
			defaultConfigurationName = Release;
		};
		A894592C1AF78048004F85A4 /* Build configuration list for PBXNativeTarget "MemeMe" */ = {
			isa = XCConfigurationList;
			buildConfigurations = (
				A894592D1AF78048004F85A4 /* Debug */,
				A894592E1AF78048004F85A4 /* Release */,
			);
			defaultConfigurationIsVisible = 0;
		};
		A894592F1AF78048004F85A4 /* Build configuration list for PBXNativeTarget "MemeMeTests" */ = {
			isa = XCConfigurationList;
			buildConfigurations = (
				A89459301AF78048004F85A4 /* Debug */,
				A89459311AF78048004F85A4 /* Release */,
			);
			defaultConfigurationIsVisible = 0;
		};
/* End XCConfigurationList section */
	};
	rootObject = A89459051AF78048004F85A4 /* Project object */;
}
